<?xml version="1.0" encoding="utf-8"?>
<Project ToolsVersion="4.0" xmlns="http://schemas.microsoft.com/developer/msbuild/2003">
  <ItemGroup>
    <Filter Include="Source Files">
      <UniqueIdentifier>{4FC737F1-C7A5-4376-A066-2A32D752A2FF}</UniqueIdentifier>
      <Extensions>cpp;c;cc;cxx;def;odl;idl;hpj;bat;asm;asmx</Extensions>
    </Filter>
    <Filter Include="Header Files">
      <UniqueIdentifier>{93995380-89BD-4b04-88EB-625FBE52EBFB}</UniqueIdentifier>
      <Extensions>h;hh;hpp;hxx;hm;inl;inc;ipp;xsd</Extensions>
    </Filter>
    <Filter Include="Resource Files">
      <UniqueIdentifier>{67DA6AB6-F800-4c08-8B7A-83BB121AAD01}</UniqueIdentifier>
      <Extensions>rc;ico;cur;bmp;dlg;rc2;rct;bin;rgs;gif;jpg;jpeg;jpe;resx;tiff;tif;png;wav;mfcribbon-ms</Extensions>
    </Filter>
    <Filter Include="Source Files\DLL Base">
      <UniqueIdentifier>{da158eed-e694-400e-98e5-b0e057805fdb}</UniqueIdentifier>
    </Filter>
    <Filter Include="Source Files\DOOM">
      <UniqueIdentifier>{6052a352-8b1d-42e1-a877-ac7b698d857f}</UniqueIdentifier>
    </Filter>
  </ItemGroup>
  <ItemGroup>
    <ClInclude Include="pch.h">
      <Filter>Header Files</Filter>
    </ClInclude>
    <ClInclude Include="Chocolate DOOM\aes_prng.h">
      <Filter>Source Files\DOOM</Filter>
    </ClInclude>
    <ClInclude Include="Chocolate DOOM\am_map.h">
      <Filter>Source Files\DOOM</Filter>
    </ClInclude>
    <ClInclude Include="Chocolate DOOM\d_englsh.h">
      <Filter>Source Files\DOOM</Filter>
    </ClInclude>
    <ClInclude Include="Chocolate DOOM\d_event.h">
      <Filter>Source Files\DOOM</Filter>
    </ClInclude>
    <ClInclude Include="Chocolate DOOM\d_items.h">
      <Filter>Source Files\DOOM</Filter>
    </ClInclude>
    <ClInclude Include="Chocolate DOOM\d_iwad.h">
      <Filter>Source Files\DOOM</Filter>
    </ClInclude>
    <ClInclude Include="Chocolate DOOM\d_loop.h">
      <Filter>Source Files\DOOM</Filter>
    </ClInclude>
    <ClInclude Include="Chocolate DOOM\d_main.h">
      <Filter>Source Files\DOOM</Filter>
    </ClInclude>
    <ClInclude Include="Chocolate DOOM\d_mode.h">
      <Filter>Source Files\DOOM</Filter>
    </ClInclude>
    <ClInclude Include="Chocolate DOOM\d_player.h">
      <Filter>Source Files\DOOM</Filter>
    </ClInclude>
    <ClInclude Include="Chocolate DOOM\d_textur.h">
      <Filter>Source Files\DOOM</Filter>
    </ClInclude>
    <ClInclude Include="Chocolate DOOM\d_think.h">
      <Filter>Source Files\DOOM</Filter>
    </ClInclude>
    <ClInclude Include="Chocolate DOOM\d_ticcmd.h">
      <Filter>Source Files\DOOM</Filter>
    </ClInclude>
    <ClInclude Include="Chocolate DOOM\deh_defs.h">
      <Filter>Source Files\DOOM</Filter>
    </ClInclude>
    <ClInclude Include="Chocolate DOOM\deh_io.h">
      <Filter>Source Files\DOOM</Filter>
    </ClInclude>
    <ClInclude Include="Chocolate DOOM\deh_main.h">
      <Filter>Source Files\DOOM</Filter>
    </ClInclude>
    <ClInclude Include="Chocolate DOOM\deh_mapping.h">
      <Filter>Source Files\DOOM</Filter>
    </ClInclude>
    <ClInclude Include="Chocolate DOOM\deh_misc.h">
      <Filter>Source Files\DOOM</Filter>
    </ClInclude>
    <ClInclude Include="Chocolate DOOM\deh_str.h">
      <Filter>Source Files\DOOM</Filter>
    </ClInclude>
    <ClInclude Include="Chocolate DOOM\doomdata.h">
      <Filter>Source Files\DOOM</Filter>
    </ClInclude>
    <ClInclude Include="Chocolate DOOM\doomdef.h">
      <Filter>Source Files\DOOM</Filter>
    </ClInclude>
    <ClInclude Include="Chocolate DOOM\doomkeys.h">
      <Filter>Source Files\DOOM</Filter>
    </ClInclude>
    <ClInclude Include="Chocolate DOOM\doomstat.h">
      <Filter>Source Files\DOOM</Filter>
    </ClInclude>
    <ClInclude Include="Chocolate DOOM\doomtype.h">
      <Filter>Source Files\DOOM</Filter>
    </ClInclude>
    <ClInclude Include="Chocolate DOOM\dstrings.h">
      <Filter>Source Files\DOOM</Filter>
    </ClInclude>
    <ClInclude Include="Chocolate DOOM\f_finale.h">
      <Filter>Source Files\DOOM</Filter>
    </ClInclude>
    <ClInclude Include="Chocolate DOOM\f_wipe.h">
      <Filter>Source Files\DOOM</Filter>
    </ClInclude>
    <ClInclude Include="Chocolate DOOM\g_game.h">
      <Filter>Source Files\DOOM</Filter>
    </ClInclude>
    <ClInclude Include="Chocolate DOOM\gusconf.h">
      <Filter>Source Files\DOOM</Filter>
    </ClInclude>
    <ClInclude Include="Chocolate DOOM\hu_lib.h">
      <Filter>Source Files\DOOM</Filter>
    </ClInclude>
    <ClInclude Include="Chocolate DOOM\hu_stuff.h">
      <Filter>Source Files\DOOM</Filter>
    </ClInclude>
    <ClInclude Include="Chocolate DOOM\i_input.h">
      <Filter>Source Files\DOOM</Filter>
    </ClInclude>
    <ClInclude Include="Chocolate DOOM\i_joystick.h">
      <Filter>Source Files\DOOM</Filter>
    </ClInclude>
    <ClInclude Include="Chocolate DOOM\i_sound.h">
      <Filter>Source Files\DOOM</Filter>
    </ClInclude>
    <ClInclude Include="Chocolate DOOM\i_swap.h">
      <Filter>Source Files\DOOM</Filter>
    </ClInclude>
    <ClInclude Include="Chocolate DOOM\i_system.h">
      <Filter>Source Files\DOOM</Filter>
    </ClInclude>
    <ClInclude Include="Chocolate DOOM\i_timer.h">
      <Filter>Source Files\DOOM</Filter>
    </ClInclude>
    <ClInclude Include="Chocolate DOOM\i_video.h">
      <Filter>Source Files\DOOM</Filter>
    </ClInclude>
    <ClInclude Include="Chocolate DOOM\i_videohr.h">
      <Filter>Source Files\DOOM</Filter>
    </ClInclude>
    <ClInclude Include="Chocolate DOOM\info.h">
      <Filter>Source Files\DOOM</Filter>
    </ClInclude>
    <ClInclude Include="Chocolate DOOM\m_argv.h">
      <Filter>Source Files\DOOM</Filter>
    </ClInclude>
    <ClInclude Include="Chocolate DOOM\m_bbox.h">
      <Filter>Source Files\DOOM</Filter>
    </ClInclude>
    <ClInclude Include="Chocolate DOOM\m_cheat.h">
      <Filter>Source Files\DOOM</Filter>
    </ClInclude>
    <ClInclude Include="Chocolate DOOM\m_config.h">
      <Filter>Source Files\DOOM</Filter>
    </ClInclude>
    <ClInclude Include="Chocolate DOOM\m_controls.h">
      <Filter>Source Files\DOOM</Filter>
    </ClInclude>
    <ClInclude Include="Chocolate DOOM\m_fixed.h">
      <Filter>Source Files\DOOM</Filter>
    </ClInclude>
    <ClInclude Include="Chocolate DOOM\m_menu.h">
      <Filter>Source Files\DOOM</Filter>
    </ClInclude>
    <ClInclude Include="Chocolate DOOM\m_misc.h">
      <Filter>Source Files\DOOM</Filter>
    </ClInclude>
    <ClInclude Include="Chocolate DOOM\m_random.h">
      <Filter>Source Files\DOOM</Filter>
    </ClInclude>
    <ClInclude Include="Chocolate DOOM\memio.h">
      <Filter>Source Files\DOOM</Filter>
    </ClInclude>
    <ClInclude Include="Chocolate DOOM\net_client.h">
      <Filter>Source Files\DOOM</Filter>
    </ClInclude>
    <ClInclude Include="Chocolate DOOM\net_common.h">
      <Filter>Source Files\DOOM</Filter>
    </ClInclude>
    <ClInclude Include="Chocolate DOOM\net_dedicated.h">
      <Filter>Source Files\DOOM</Filter>
    </ClInclude>
    <ClInclude Include="Chocolate DOOM\net_defs.h">
      <Filter>Source Files\DOOM</Filter>
    </ClInclude>
    <ClInclude Include="Chocolate DOOM\net_gui.h">
      <Filter>Source Files\DOOM</Filter>
    </ClInclude>
    <ClInclude Include="Chocolate DOOM\net_io.h">
      <Filter>Source Files\DOOM</Filter>
    </ClInclude>
    <ClInclude Include="Chocolate DOOM\net_loop.h">
      <Filter>Source Files\DOOM</Filter>
    </ClInclude>
    <ClInclude Include="Chocolate DOOM\net_packet.h">
      <Filter>Source Files\DOOM</Filter>
    </ClInclude>
    <ClInclude Include="Chocolate DOOM\net_query.h">
      <Filter>Source Files\DOOM</Filter>
    </ClInclude>
    <ClInclude Include="Chocolate DOOM\net_server.h">
      <Filter>Source Files\DOOM</Filter>
    </ClInclude>
    <ClInclude Include="Chocolate DOOM\net_structrw.h">
      <Filter>Source Files\DOOM</Filter>
    </ClInclude>
    <ClInclude Include="Chocolate DOOM\p_inter.h">
      <Filter>Source Files\DOOM</Filter>
    </ClInclude>
    <ClInclude Include="Chocolate DOOM\p_local.h">
      <Filter>Source Files\DOOM</Filter>
    </ClInclude>
    <ClInclude Include="Chocolate DOOM\p_mobj.h">
      <Filter>Source Files\DOOM</Filter>
    </ClInclude>
    <ClInclude Include="Chocolate DOOM\p_pspr.h">
      <Filter>Source Files\DOOM</Filter>
    </ClInclude>
    <ClInclude Include="Chocolate DOOM\p_saveg.h">
      <Filter>Source Files\DOOM</Filter>
    </ClInclude>
    <ClInclude Include="Chocolate DOOM\p_setup.h">
      <Filter>Source Files\DOOM</Filter>
    </ClInclude>
    <ClInclude Include="Chocolate DOOM\p_spec.h">
      <Filter>Source Files\DOOM</Filter>
    </ClInclude>
    <ClInclude Include="Chocolate DOOM\p_tick.h">
      <Filter>Source Files\DOOM</Filter>
    </ClInclude>
    <ClInclude Include="Chocolate DOOM\r_bsp.h">
      <Filter>Source Files\DOOM</Filter>
    </ClInclude>
    <ClInclude Include="Chocolate DOOM\r_data.h">
      <Filter>Source Files\DOOM</Filter>
    </ClInclude>
    <ClInclude Include="Chocolate DOOM\r_defs.h">
      <Filter>Source Files\DOOM</Filter>
    </ClInclude>
    <ClInclude Include="Chocolate DOOM\r_draw.h">
      <Filter>Source Files\DOOM</Filter>
    </ClInclude>
    <ClInclude Include="Chocolate DOOM\r_local.h">
      <Filter>Source Files\DOOM</Filter>
    </ClInclude>
    <ClInclude Include="Chocolate DOOM\r_main.h">
      <Filter>Source Files\DOOM</Filter>
    </ClInclude>
    <ClInclude Include="Chocolate DOOM\r_plane.h">
      <Filter>Source Files\DOOM</Filter>
    </ClInclude>
    <ClInclude Include="Chocolate DOOM\r_segs.h">
      <Filter>Source Files\DOOM</Filter>
    </ClInclude>
    <ClInclude Include="Chocolate DOOM\r_sky.h">
      <Filter>Source Files\DOOM</Filter>
    </ClInclude>
    <ClInclude Include="Chocolate DOOM\r_state.h">
      <Filter>Source Files\DOOM</Filter>
    </ClInclude>
    <ClInclude Include="Chocolate DOOM\r_things.h">
      <Filter>Source Files\DOOM</Filter>
    </ClInclude>
    <ClInclude Include="Chocolate DOOM\s_sound.h">
      <Filter>Source Files\DOOM</Filter>
    </ClInclude>
    <ClInclude Include="Chocolate DOOM\sha1.h">
      <Filter>Source Files\DOOM</Filter>
    </ClInclude>
    <ClInclude Include="Chocolate DOOM\sounds.h">
      <Filter>Source Files\DOOM</Filter>
    </ClInclude>
    <ClInclude Include="Chocolate DOOM\st_lib.h">
      <Filter>Source Files\DOOM</Filter>
    </ClInclude>
    <ClInclude Include="Chocolate DOOM\st_stuff.h">
      <Filter>Source Files\DOOM</Filter>
    </ClInclude>
    <ClInclude Include="Chocolate DOOM\statdump.h">
      <Filter>Source Files\DOOM</Filter>
    </ClInclude>
    <ClInclude Include="Chocolate DOOM\tables.h">
      <Filter>Source Files\DOOM</Filter>
    </ClInclude>
    <ClInclude Include="Chocolate DOOM\v_patch.h">
      <Filter>Source Files\DOOM</Filter>
    </ClInclude>
    <ClInclude Include="Chocolate DOOM\v_video.h">
      <Filter>Source Files\DOOM</Filter>
    </ClInclude>
    <ClInclude Include="Chocolate DOOM\w_checksum.h">
      <Filter>Source Files\DOOM</Filter>
    </ClInclude>
    <ClInclude Include="Chocolate DOOM\w_file.h">
      <Filter>Source Files\DOOM</Filter>
    </ClInclude>
    <ClInclude Include="Chocolate DOOM\w_main.h">
      <Filter>Source Files\DOOM</Filter>
    </ClInclude>
    <ClInclude Include="Chocolate DOOM\w_merge.h">
      <Filter>Source Files\DOOM</Filter>
    </ClInclude>
    <ClInclude Include="Chocolate DOOM\w_wad.h">
      <Filter>Source Files\DOOM</Filter>
    </ClInclude>
    <ClInclude Include="Chocolate DOOM\wi_stuff.h">
      <Filter>Source Files\DOOM</Filter>
    </ClInclude>
    <ClInclude Include="Chocolate DOOM\z_zone.h">
      <Filter>Source Files\DOOM</Filter>
    </ClInclude>
    <ClInclude Include="Chocolate DOOM\config.h">
      <Filter>Source Files\DOOM</Filter>
    </ClInclude>
    <ClInclude Include="Chocolate DOOM\re_main.h">
      <Filter>Source Files\DOOM</Filter>
    </ClInclude>
    <ClInclude Include="Chocolate DOOM\net_sdl.h">
      <Filter>Source Files\DOOM</Filter>
    </ClInclude>
    <ClInclude Include="Chocolate DOOM\v_diskicon.h">
      <Filter>Source Files\DOOM</Filter>
    </ClInclude>
    <ClInclude Include="..\ManiaAPI\ManiaModLoader.h">
      <Filter>Header Files</Filter>
    </ClInclude>
    <ClInclude Include="..\ManiaAPI\MemAccess.h">
      <Filter>Header Files</Filter>
    </ClInclude>
    <ClInclude Include="..\ManiaAPI\SonicMania.h">
      <Filter>Header Files</Filter>
    </ClInclude>
    <ClInclude Include="Chocolate DOOM\i_glob.h">
      <Filter>Source Files\DOOM</Filter>
    </ClInclude>
    <ClInclude Include="Win32\win_opendir.h">
      <Filter>Source Files\DOOM</Filter>
    </ClInclude>
  </ItemGroup>
  <ItemGroup>
    <ClCompile Include="dllmain.cpp">
      <Filter>Source Files\DLL Base</Filter>
    </ClCompile>
    <ClCompile Include="main.cpp">
      <Filter>Source Files\DLL Base</Filter>
    </ClCompile>
    <ClCompile Include="pch.cpp">
      <Filter>Source Files\DLL Base</Filter>
    </ClCompile>
    <ClCompile Include="Chocolate DOOM\aes_prng.c">
      <Filter>Source Files\DOOM</Filter>
    </ClCompile>
    <ClCompile Include="Chocolate DOOM\am_map.c">
      <Filter>Source Files\DOOM</Filter>
    </ClCompile>
    <ClCompile Include="Chocolate DOOM\d_event.c">
      <Filter>Source Files\DOOM</Filter>
    </ClCompile>
    <ClCompile Include="Chocolate DOOM\d_items.c">
      <Filter>Source Files\DOOM</Filter>
    </ClCompile>
    <ClCompile Include="Chocolate DOOM\d_iwad.c">
      <Filter>Source Files\DOOM</Filter>
    </ClCompile>
    <ClCompile Include="Chocolate DOOM\d_loop.c">
      <Filter>Source Files\DOOM</Filter>
    </ClCompile>
    <ClCompile Include="Chocolate DOOM\d_main.c">
      <Filter>Source Files\DOOM</Filter>
    </ClCompile>
    <ClCompile Include="Chocolate DOOM\d_mode.c">
      <Filter>Source Files\DOOM</Filter>
    </ClCompile>
    <ClCompile Include="Chocolate DOOM\d_net.c">
      <Filter>Source Files\DOOM</Filter>
    </ClCompile>
    <ClCompile Include="Chocolate DOOM\deh_ammo.c">
      <Filter>Source Files\DOOM</Filter>
    </ClCompile>
    <ClCompile Include="Chocolate DOOM\deh_bexstr.c">
      <Filter>Source Files\DOOM</Filter>
    </ClCompile>
    <ClCompile Include="Chocolate DOOM\deh_cheat.c">
      <Filter>Source Files\DOOM</Filter>
    </ClCompile>
    <ClCompile Include="Chocolate DOOM\deh_doom.c">
      <Filter>Source Files\DOOM</Filter>
    </ClCompile>
    <ClCompile Include="Chocolate DOOM\deh_frame.c">
      <Filter>Source Files\DOOM</Filter>
    </ClCompile>
    <ClCompile Include="Chocolate DOOM\deh_io.c">
      <Filter>Source Files\DOOM</Filter>
    </ClCompile>
    <ClCompile Include="Chocolate DOOM\deh_main.c">
      <Filter>Source Files\DOOM</Filter>
    </ClCompile>
    <ClCompile Include="Chocolate DOOM\deh_mapping.c">
      <Filter>Source Files\DOOM</Filter>
    </ClCompile>
    <ClCompile Include="Chocolate DOOM\deh_misc.c">
      <Filter>Source Files\DOOM</Filter>
    </ClCompile>
    <ClCompile Include="Chocolate DOOM\deh_ptr.c">
      <Filter>Source Files\DOOM</Filter>
    </ClCompile>
    <ClCompile Include="Chocolate DOOM\deh_sound.c">
      <Filter>Source Files\DOOM</Filter>
    </ClCompile>
    <ClCompile Include="Chocolate DOOM\deh_str.c">
      <Filter>Source Files\DOOM</Filter>
    </ClCompile>
    <ClCompile Include="Chocolate DOOM\deh_text.c">
      <Filter>Source Files\DOOM</Filter>
    </ClCompile>
    <ClCompile Include="Chocolate DOOM\deh_thing.c">
      <Filter>Source Files\DOOM</Filter>
    </ClCompile>
    <ClCompile Include="Chocolate DOOM\deh_weapon.c">
      <Filter>Source Files\DOOM</Filter>
    </ClCompile>
    <ClCompile Include="Chocolate DOOM\doomdef.c">
      <Filter>Source Files\DOOM</Filter>
    </ClCompile>
    <ClCompile Include="Chocolate DOOM\doomstat.c">
      <Filter>Source Files\DOOM</Filter>
    </ClCompile>
    <ClCompile Include="Chocolate DOOM\dstrings.c">
      <Filter>Source Files\DOOM</Filter>
    </ClCompile>
    <ClCompile Include="Chocolate DOOM\f_finale.c">
      <Filter>Source Files\DOOM</Filter>
    </ClCompile>
    <ClCompile Include="Chocolate DOOM\f_wipe.c">
      <Filter>Source Files\DOOM</Filter>
    </ClCompile>
    <ClCompile Include="Chocolate DOOM\g_game.c">
      <Filter>Source Files\DOOM</Filter>
    </ClCompile>
    <ClCompile Include="Chocolate DOOM\gusconf.c">
      <Filter>Source Files\DOOM</Filter>
    </ClCompile>
    <ClCompile Include="Chocolate DOOM\hu_lib.c">
      <Filter>Source Files\DOOM</Filter>
    </ClCompile>
    <ClCompile Include="Chocolate DOOM\hu_stuff.c">
      <Filter>Source Files\DOOM</Filter>
    </ClCompile>
    <ClCompile Include="Chocolate DOOM\i_input.c">
      <Filter>Source Files\DOOM</Filter>
    </ClCompile>
    <ClCompile Include="Chocolate DOOM\i_joystick.c">
      <Filter>Source Files\DOOM</Filter>
    </ClCompile>
    <ClCompile Include="Chocolate DOOM\i_sound.c">
      <Filter>Source Files\DOOM</Filter>
    </ClCompile>
    <ClCompile Include="Chocolate DOOM\i_system.c">
      <Filter>Source Files\DOOM</Filter>
    </ClCompile>
    <ClCompile Include="Chocolate DOOM\i_timer.c">
      <Filter>Source Files\DOOM</Filter>
    </ClCompile>
    <ClCompile Include="Chocolate DOOM\i_video.c">
      <Filter>Source Files\DOOM</Filter>
    </ClCompile>
    <ClCompile Include="Chocolate DOOM\i_videohr.c">
      <Filter>Source Files\DOOM</Filter>
    </ClCompile>
    <ClCompile Include="Chocolate DOOM\info.c">
      <Filter>Source Files\DOOM</Filter>
    </ClCompile>
    <ClCompile Include="Chocolate DOOM\m_argv.c">
      <Filter>Source Files\DOOM</Filter>
    </ClCompile>
    <ClCompile Include="Chocolate DOOM\m_bbox.c">
      <Filter>Source Files\DOOM</Filter>
    </ClCompile>
    <ClCompile Include="Chocolate DOOM\m_cheat.c">
      <Filter>Source Files\DOOM</Filter>
    </ClCompile>
    <ClCompile Include="Chocolate DOOM\m_config.c">
      <Filter>Source Files\DOOM</Filter>
    </ClCompile>
    <ClCompile Include="Chocolate DOOM\m_controls.c">
      <Filter>Source Files\DOOM</Filter>
    </ClCompile>
    <ClCompile Include="Chocolate DOOM\m_fixed.c">
      <Filter>Source Files\DOOM</Filter>
    </ClCompile>
    <ClCompile Include="Chocolate DOOM\m_menu.c">
      <Filter>Source Files\DOOM</Filter>
    </ClCompile>
    <ClCompile Include="Chocolate DOOM\m_misc.c">
      <Filter>Source Files\DOOM</Filter>
    </ClCompile>
    <ClCompile Include="Chocolate DOOM\m_random.c">
      <Filter>Source Files\DOOM</Filter>
    </ClCompile>
    <ClCompile Include="Chocolate DOOM\memio.c">
      <Filter>Source Files\DOOM</Filter>
    </ClCompile>
    <ClCompile Include="Chocolate DOOM\net_client.c">
      <Filter>Source Files\DOOM</Filter>
    </ClCompile>
    <ClCompile Include="Chocolate DOOM\net_common.c">
      <Filter>Source Files\DOOM</Filter>
    </ClCompile>
    <ClCompile Include="Chocolate DOOM\net_dedicated.c">
      <Filter>Source Files\DOOM</Filter>
    </ClCompile>
    <ClCompile Include="Chocolate DOOM\net_gui.c">
      <Filter>Source Files\DOOM</Filter>
    </ClCompile>
    <ClCompile Include="Chocolate DOOM\net_io.c">
      <Filter>Source Files\DOOM</Filter>
    </ClCompile>
    <ClCompile Include="Chocolate DOOM\net_loop.c">
      <Filter>Source Files\DOOM</Filter>
    </ClCompile>
    <ClCompile Include="Chocolate DOOM\net_packet.c">
      <Filter>Source Files\DOOM</Filter>
    </ClCompile>
    <ClCompile Include="Chocolate DOOM\net_query.c">
      <Filter>Source Files\DOOM</Filter>
    </ClCompile>
    <ClCompile Include="Chocolate DOOM\net_server.c">
      <Filter>Source Files\DOOM</Filter>
    </ClCompile>
    <ClCompile Include="Chocolate DOOM\net_structrw.c">
      <Filter>Source Files\DOOM</Filter>
    </ClCompile>
    <ClCompile Include="Chocolate DOOM\p_ceilng.c">
      <Filter>Source Files\DOOM</Filter>
    </ClCompile>
    <ClCompile Include="Chocolate DOOM\p_doors.c">
      <Filter>Source Files\DOOM</Filter>
    </ClCompile>
    <ClCompile Include="Chocolate DOOM\p_enemy.c">
      <Filter>Source Files\DOOM</Filter>
    </ClCompile>
    <ClCompile Include="Chocolate DOOM\p_floor.c">
      <Filter>Source Files\DOOM</Filter>
    </ClCompile>
    <ClCompile Include="Chocolate DOOM\p_inter.c">
      <Filter>Source Files\DOOM</Filter>
    </ClCompile>
    <ClCompile Include="Chocolate DOOM\p_lights.c">
      <Filter>Source Files\DOOM</Filter>
    </ClCompile>
    <ClCompile Include="Chocolate DOOM\p_map.c">
      <Filter>Source Files\DOOM</Filter>
    </ClCompile>
    <ClCompile Include="Chocolate DOOM\p_maputl.c">
      <Filter>Source Files\DOOM</Filter>
    </ClCompile>
    <ClCompile Include="Chocolate DOOM\p_mobj.c">
      <Filter>Source Files\DOOM</Filter>
    </ClCompile>
    <ClCompile Include="Chocolate DOOM\p_plats.c">
      <Filter>Source Files\DOOM</Filter>
    </ClCompile>
    <ClCompile Include="Chocolate DOOM\p_pspr.c">
      <Filter>Source Files\DOOM</Filter>
    </ClCompile>
    <ClCompile Include="Chocolate DOOM\p_saveg.c">
      <Filter>Source Files\DOOM</Filter>
    </ClCompile>
    <ClCompile Include="Chocolate DOOM\p_setup.c">
      <Filter>Source Files\DOOM</Filter>
    </ClCompile>
    <ClCompile Include="Chocolate DOOM\p_sight.c">
      <Filter>Source Files\DOOM</Filter>
    </ClCompile>
    <ClCompile Include="Chocolate DOOM\p_spec.c">
      <Filter>Source Files\DOOM</Filter>
    </ClCompile>
    <ClCompile Include="Chocolate DOOM\p_switch.c">
      <Filter>Source Files\DOOM</Filter>
    </ClCompile>
    <ClCompile Include="Chocolate DOOM\p_telept.c">
      <Filter>Source Files\DOOM</Filter>
    </ClCompile>
    <ClCompile Include="Chocolate DOOM\p_tick.c">
      <Filter>Source Files\DOOM</Filter>
    </ClCompile>
    <ClCompile Include="Chocolate DOOM\p_user.c">
      <Filter>Source Files\DOOM</Filter>
    </ClCompile>
    <ClCompile Include="Chocolate DOOM\r_bsp.c">
      <Filter>Source Files\DOOM</Filter>
    </ClCompile>
    <ClCompile Include="Chocolate DOOM\r_data.c">
      <Filter>Source Files\DOOM</Filter>
    </ClCompile>
    <ClCompile Include="Chocolate DOOM\r_draw.c">
      <Filter>Source Files\DOOM</Filter>
    </ClCompile>
    <ClCompile Include="Chocolate DOOM\r_main.c">
      <Filter>Source Files\DOOM</Filter>
    </ClCompile>
    <ClCompile Include="Chocolate DOOM\r_plane.c">
      <Filter>Source Files\DOOM</Filter>
    </ClCompile>
    <ClCompile Include="Chocolate DOOM\r_segs.c">
      <Filter>Source Files\DOOM</Filter>
    </ClCompile>
    <ClCompile Include="Chocolate DOOM\r_sky.c">
      <Filter>Source Files\DOOM</Filter>
    </ClCompile>
    <ClCompile Include="Chocolate DOOM\r_things.c">
      <Filter>Source Files\DOOM</Filter>
    </ClCompile>
    <ClCompile Include="Chocolate DOOM\s_sound.c">
      <Filter>Source Files\DOOM</Filter>
    </ClCompile>
    <ClCompile Include="Chocolate DOOM\sha1.c">
      <Filter>Source Files\DOOM</Filter>
    </ClCompile>
    <ClCompile Include="Chocolate DOOM\sounds.c">
      <Filter>Source Files\DOOM</Filter>
    </ClCompile>
    <ClCompile Include="Chocolate DOOM\st_lib.c">
      <Filter>Source Files\DOOM</Filter>
    </ClCompile>
    <ClCompile Include="Chocolate DOOM\st_stuff.c">
      <Filter>Source Files\DOOM</Filter>
    </ClCompile>
    <ClCompile Include="Chocolate DOOM\statdump.c">
      <Filter>Source Files\DOOM</Filter>
    </ClCompile>
    <ClCompile Include="Chocolate DOOM\tables.c">
      <Filter>Source Files\DOOM</Filter>
    </ClCompile>
    <ClCompile Include="Chocolate DOOM\v_video.c">
      <Filter>Source Files\DOOM</Filter>
    </ClCompile>
    <ClCompile Include="Chocolate DOOM\w_checksum.c">
      <Filter>Source Files\DOOM</Filter>
    </ClCompile>
    <ClCompile Include="Chocolate DOOM\w_file.c">
      <Filter>Source Files\DOOM</Filter>
    </ClCompile>
    <ClCompile Include="Chocolate DOOM\w_file_posix.c">
      <Filter>Source Files\DOOM</Filter>
    </ClCompile>
    <ClCompile Include="Chocolate DOOM\w_file_stdc.c">
      <Filter>Source Files\DOOM</Filter>
    </ClCompile>
    <ClCompile Include="Chocolate DOOM\w_file_win32.c">
      <Filter>Source Files\DOOM</Filter>
    </ClCompile>
    <ClCompile Include="Chocolate DOOM\w_main.c">
      <Filter>Source Files\DOOM</Filter>
    </ClCompile>
    <ClCompile Include="Chocolate DOOM\w_merge.c">
      <Filter>Source Files\DOOM</Filter>
    </ClCompile>
    <ClCompile Include="Chocolate DOOM\w_wad.c">
      <Filter>Source Files\DOOM</Filter>
    </ClCompile>
    <ClCompile Include="Chocolate DOOM\wi_stuff.c">
      <Filter>Source Files\DOOM</Filter>
    </ClCompile>
    <ClCompile Include="Chocolate DOOM\z_zone.c">
      <Filter>Source Files\DOOM</Filter>
    </ClCompile>
    <ClCompile Include="Chocolate DOOM\re_main.cpp">
      <Filter>Source Files\DOOM</Filter>
    </ClCompile>
    <ClCompile Include="Chocolate DOOM\re_sound.cpp">
      <Filter>Source Files\DOOM</Filter>
    </ClCompile>
    <ClCompile Include="Chocolate DOOM\net_sdl.c">
      <Filter>Source Files\DOOM</Filter>
    </ClCompile>
    <ClCompile Include="Chocolate DOOM\v_diskicon.c">
      <Filter>Source Files\DOOM</Filter>
    </ClCompile>
    <ClCompile Include="Chocolate DOOM\i_glob.c">
      <Filter>Source Files\DOOM</Filter>
    </ClCompile>
    <ClCompile Include="Win32\win_opendir.c">
      <Filter>Source Files\DOOM</Filter>
    </ClCompile>
  </ItemGroup>
</Project>